
Microsoft Visual Studio Solution File, Format Version 12.00
# Visual Studio Version 17
VisualStudioVersion = 17.8.34330.188
MinimumVisualStudioVersion = 10.0.40219.1
Project("{8BC9CEB8-8B4A-11D0-8D11-00A0C91BC942}") = "20240328", "20240328\20240328.vcxproj", "{F24827F6-94D4-49C9-8B57-3CF755AB2DAD}"
EndProject
Global
	GlobalSection(SolutionConfigurationPlatforms) = preSolution
		Debug|x64 = Debug|x64
		Debug|x86 = Debug|x86
		Release|x64 = Release|x64
		Release|x86 = Release|x86
	EndGlobalSection
	GlobalSection(ProjectConfigurationPlatforms) = postSolution
		{F24827F6-94D4-49C9-8B57-3CF755AB2DAD}.Debug|x64.ActiveCfg = Debug|x64
		{F24827F6-94D4-49C9-8B57-3CF755AB2DAD}.Debug|x64.Build.0 = Debug|x64
		{F24827F6-94D4-49C9-8B57-3CF755AB2DAD}.Debug|x86.ActiveCfg = Debug|Win32
		{F24827F6-94D4-49C9-8B57-3CF755AB2DAD}.Debug|x86.Build.0 = Debug|Win32
		{F24827F6-94D4-49C9-8B57-3CF755AB2DAD}.Release|x64.ActiveCfg = Release|x64
		{F24827F6-94D4-49C9-8B57-3CF755AB2DAD}.Release|x64.Build.0 = Release|x64
		{F24827F6-94D4-49C9-8B57-3CF755AB2DAD}.Release|x86.ActiveCfg = Release|Win32
		{F24827F6-94D4-49C9-8B57-3CF755AB2DAD}.Release|x86.Build.0 = Release|Win32
	EndGlobalSection
	GlobalSection(SolutionProperties) = preSolution
		HideSolutionNode = FALSE
	EndGlobalSection
	GlobalSection(ExtensibilityGlobals) = postSolution
		SolutionGuid = {066DC323-95DB-46EA-A77C-ADA1282DB2CB}
	EndGlobalSection
EndGlobal
